# THIS IS AN AUTOGENERATED FILE. DO NOT EDIT THIS FILE DIRECTLY.
# yarn lockfile v1


"@types/animejs@^3.1.13":
  version "3.1.13"
  resolved "https://registry.yarnpkg.com/@types/animejs/-/animejs-3.1.13.tgz#f31d1630a647b4695c2dbdc7950c6d26bab1fcc7"
  integrity sha512-yWg9l1z7CAv/TKpty4/vupEh24jDGUZXv4r26StRkpUPQm04ztJaftgpto8vwdFs8SiTq6XfaPKCSI+wjzNMvQ==

"@types/react@^19.1.10":
  version "19.1.10"
  resolved "https://registry.yarnpkg.com/@types/react/-/react-19.1.10.tgz#a05015952ef328e1b85579c839a71304b07d21d9"
  integrity sha512-EhBeSYX0Y6ye8pNebpKrwFJq7BoQ8J5SO6NlvNwwHjSj6adXJViPQrKlsyPw7hLBLvckEMO1yxeGdR82YBBlDg==
  dependencies:
    csstype "^3.0.2"

animejs@^4.1.3:
  version "4.1.3"
  resolved "https://registry.yarnpkg.com/animejs/-/animejs-4.1.3.tgz#3264d85e16703ecaab4d669c62d431d57e0de209"
  integrity sha512-4XzlIsQsku1ycSPzchxxT0N+ohEMZObG71nOSBBkZoV4sgQvtXa/qAANkFpTE6pegdV8JnIBZiB0LfdxNoRNMw==

csstype@^3.0.2:
  version "3.1.3"
  resolved "https://registry.yarnpkg.com/csstype/-/csstype-3.1.3.tgz#d80ff294d114fb0e6ac500fbf85b60137d7eff81"
  integrity sha512-M1uQkMl8rQK/szD0LNhtqxIPLpimGm8sOBwU7lLnCpSbTyY3yeU1Vc7l4KT5zT4s/yOxHH5O7tIuuLOCnLADRw==

react@^19.1.1:
  version "19.1.1"
  resolved "https://registry.yarnpkg.com/react/-/react-19.1.1.tgz#06d9149ec5e083a67f9a1e39ce97b06a03b644af"
  integrity sha512-w8nqGImo45dmMIfljjMwOGtbmC/mk4CMYhWIicdSflH91J9TyCyczcPFXJzrZ/ZXcgGRFeP6BU0BEJTw6tZdfQ==
